
Microsoft Visual Studio Solution File, Format Version 12.00
Project("{FAE04EC0-301F-11D3-BF4B-00C04F79EFBC}") = "BAD3", "BAD3\BAD3.csproj", "{A0E5E64C-C49A-4B51-96EA-D2AE128A595F}"
EndProject
Global
	GlobalSection(SolutionConfigurationPlatforms) = preSolution
		Debug|Any CPU = Debug|Any CPU
		Release|Any CPU = Release|Any CPU
	EndGlobalSection
	GlobalSection(ProjectConfigurationPlatforms) = postSolution
		{A0E5E64C-C49A-4B51-96EA-D2AE128A595F}.Debug|Any CPU.ActiveCfg = Debug|Any CPU
		{A0E5E64C-C49A-4B51-96EA-D2AE128A595F}.Debug|Any CPU.Build.0 = Debug|Any CPU
		{A0E5E64C-C49A-4B51-96EA-D2AE128A595F}.Release|Any CPU.ActiveCfg = Release|Any CPU
		{A0E5E64C-C49A-4B51-96EA-D2AE128A595F}.Release|Any CPU.Build.0 = Release|Any CPU
	EndGlobalSection
EndGlobal
